
Microsoft Visual Studio Solution File, Format Version 12.00
# Visual Studio Version 17
VisualStudioVersion = 17.1.32407.343
MinimumVisualStudioVersion = 10.0.40219.1
Project("{FAE04EC0-301F-11D3-BF4B-00C04F79EFBC}") = "lab 5 nt106", "lab 5 nt106.csproj", "{DCAF32E1-BA30-4580-9DA9-04023DA7CD63}"
EndProject
Global
	GlobalSection(SolutionConfigurationPlatforms) = preSolution
		Debug|Any CPU = Debug|Any CPU
		Release|Any CPU = Release|Any CPU
	EndGlobalSection
	GlobalSection(ProjectConfigurationPlatforms) = postSolution
		{DCAF32E1-BA30-4580-9DA9-04023DA7CD63}.Debug|Any CPU.ActiveCfg = Debug|Any CPU
		{DCAF32E1-BA30-4580-9DA9-04023DA7CD63}.Debug|Any CPU.Build.0 = Debug|Any CPU
		{DCAF32E1-BA30-4580-9DA9-04023DA7CD63}.Release|Any CPU.ActiveCfg = Release|Any CPU
		{DCAF32E1-BA30-4580-9DA9-04023DA7CD63}.Release|Any CPU.Build.0 = Release|Any CPU
	EndGlobalSection
	GlobalSection(SolutionProperties) = preSolution
		HideSolutionNode = FALSE
	EndGlobalSection
	GlobalSection(ExtensibilityGlobals) = postSolution
		SolutionGuid = {6CDA7055-B90B-4579-B4F6-FC63C6A995DE}
	EndGlobalSection
EndGlobal
